
Microsoft Visual Studio Solution File, Format Version 12.00
# Visual Studio Version 17
VisualStudioVersion = 17.0.31903.59
MinimumVisualStudioVersion = 10.0.40219.1
Project("{2150E333-8FDC-42A3-9474-1A3956D46DE8}") = "Services", "Services", "{EFF900DB-A7BC-4374-B653-6E2DCEA3D912}"
EndProject
Project("{2150E333-8FDC-42A3-9474-1A3956D46DE8}") = "Auth", "Auth", "{F2C25393-9794-4AA8-B958-658CBC00E74C}"
EndProject
Project("{FAE04EC0-301F-11D3-BF4B-00C04F79EFBC}") = "Core", "Services\Auth\Core\Core.csproj", "{7C72B727-C022-4382-9CDF-3C9301C03A27}"
EndProject
Project("{FAE04EC0-301F-11D3-BF4B-00C04F79EFBC}") = "Infrastructure", "Services\Auth\Infrastructure\Infrastructure.csproj", "{963654A2-C1BE-4176-8DC1-F62FB7F66365}"
EndProject
Project("{FAE04EC0-301F-11D3-BF4B-00C04F79EFBC}") = "Application", "Services\Auth\Application\Application.csproj", "{CF2E69EC-B94D-4ED8-9957-DEC978EDB223}"
EndProject
Project("{FAE04EC0-301F-11D3-BF4B-00C04F79EFBC}") = "API", "Services\Auth\API\API.csproj", "{94DA511E-186B-4699-B118-E5A7CC05F1D5}"
EndProject
Global
	GlobalSection(SolutionConfigurationPlatforms) = preSolution
		Debug|Any CPU = Debug|Any CPU
		Debug|x64 = Debug|x64
		Debug|x86 = Debug|x86
		Release|Any CPU = Release|Any CPU
		Release|x64 = Release|x64
		Release|x86 = Release|x86
	EndGlobalSection
	GlobalSection(ProjectConfigurationPlatforms) = postSolution
		{7C72B727-C022-4382-9CDF-3C9301C03A27}.Debug|Any CPU.ActiveCfg = Debug|Any CPU
		{7C72B727-C022-4382-9CDF-3C9301C03A27}.Debug|Any CPU.Build.0 = Debug|Any CPU
		{7C72B727-C022-4382-9CDF-3C9301C03A27}.Debug|x64.ActiveCfg = Debug|Any CPU
		{7C72B727-C022-4382-9CDF-3C9301C03A27}.Debug|x64.Build.0 = Debug|Any CPU
		{7C72B727-C022-4382-9CDF-3C9301C03A27}.Debug|x86.ActiveCfg = Debug|Any CPU
		{7C72B727-C022-4382-9CDF-3C9301C03A27}.Debug|x86.Build.0 = Debug|Any CPU
		{7C72B727-C022-4382-9CDF-3C9301C03A27}.Release|Any CPU.ActiveCfg = Release|Any CPU
		{7C72B727-C022-4382-9CDF-3C9301C03A27}.Release|Any CPU.Build.0 = Release|Any CPU
		{7C72B727-C022-4382-9CDF-3C9301C03A27}.Release|x64.ActiveCfg = Release|Any CPU
		{7C72B727-C022-4382-9CDF-3C9301C03A27}.Release|x64.Build.0 = Release|Any CPU
		{7C72B727-C022-4382-9CDF-3C9301C03A27}.Release|x86.ActiveCfg = Release|Any CPU
		{7C72B727-C022-4382-9CDF-3C9301C03A27}.Release|x86.Build.0 = Release|Any CPU
		{963654A2-C1BE-4176-8DC1-F62FB7F66365}.Debug|Any CPU.ActiveCfg = Debug|Any CPU
		{963654A2-C1BE-4176-8DC1-F62FB7F66365}.Debug|Any CPU.Build.0 = Debug|Any CPU
		{963654A2-C1BE-4176-8DC1-F62FB7F66365}.Debug|x64.ActiveCfg = Debug|Any CPU
		{963654A2-C1BE-4176-8DC1-F62FB7F66365}.Debug|x64.Build.0 = Debug|Any CPU
		{963654A2-C1BE-4176-8DC1-F62FB7F66365}.Debug|x86.ActiveCfg = Debug|Any CPU
		{963654A2-C1BE-4176-8DC1-F62FB7F66365}.Debug|x86.Build.0 = Debug|Any CPU
		{963654A2-C1BE-4176-8DC1-F62FB7F66365}.Release|Any CPU.ActiveCfg = Release|Any CPU
		{963654A2-C1BE-4176-8DC1-F62FB7F66365}.Release|Any CPU.Build.0 = Release|Any CPU
		{963654A2-C1BE-4176-8DC1-F62FB7F66365}.Release|x64.ActiveCfg = Release|Any CPU
		{963654A2-C1BE-4176-8DC1-F62FB7F66365}.Release|x64.Build.0 = Release|Any CPU
		{963654A2-C1BE-4176-8DC1-F62FB7F66365}.Release|x86.ActiveCfg = Release|Any CPU
		{963654A2-C1BE-4176-8DC1-F62FB7F66365}.Release|x86.Build.0 = Release|Any CPU
		{CF2E69EC-B94D-4ED8-9957-DEC978EDB223}.Debug|Any CPU.ActiveCfg = Debug|Any CPU
		{CF2E69EC-B94D-4ED8-9957-DEC978EDB223}.Debug|Any CPU.Build.0 = Debug|Any CPU
		{CF2E69EC-B94D-4ED8-9957-DEC978EDB223}.Debug|x64.ActiveCfg = Debug|Any CPU
		{CF2E69EC-B94D-4ED8-9957-DEC978EDB223}.Debug|x64.Build.0 = Debug|Any CPU
		{CF2E69EC-B94D-4ED8-9957-DEC978EDB223}.Debug|x86.ActiveCfg = Debug|Any CPU
		{CF2E69EC-B94D-4ED8-9957-DEC978EDB223}.Debug|x86.Build.0 = Debug|Any CPU
		{CF2E69EC-B94D-4ED8-9957-DEC978EDB223}.Release|Any CPU.ActiveCfg = Release|Any CPU
		{CF2E69EC-B94D-4ED8-9957-DEC978EDB223}.Release|Any CPU.Build.0 = Release|Any CPU
		{CF2E69EC-B94D-4ED8-9957-DEC978EDB223}.Release|x64.ActiveCfg = Release|Any CPU
		{CF2E69EC-B94D-4ED8-9957-DEC978EDB223}.Release|x64.Build.0 = Release|Any CPU
		{CF2E69EC-B94D-4ED8-9957-DEC978EDB223}.Release|x86.ActiveCfg = Release|Any CPU
		{CF2E69EC-B94D-4ED8-9957-DEC978EDB223}.Release|x86.Build.0 = Release|Any CPU
		{94DA511E-186B-4699-B118-E5A7CC05F1D5}.Debug|Any CPU.ActiveCfg = Debug|Any CPU
		{94DA511E-186B-4699-B118-E5A7CC05F1D5}.Debug|Any CPU.Build.0 = Debug|Any CPU
		{94DA511E-186B-4699-B118-E5A7CC05F1D5}.Debug|x64.ActiveCfg = Debug|Any CPU
		{94DA511E-186B-4699-B118-E5A7CC05F1D5}.Debug|x64.Build.0 = Debug|Any CPU
		{94DA511E-186B-4699-B118-E5A7CC05F1D5}.Debug|x86.ActiveCfg = Debug|Any CPU
		{94DA511E-186B-4699-B118-E5A7CC05F1D5}.Debug|x86.Build.0 = Debug|Any CPU
		{94DA511E-186B-4699-B118-E5A7CC05F1D5}.Release|Any CPU.ActiveCfg = Release|Any CPU
		{94DA511E-186B-4699-B118-E5A7CC05F1D5}.Release|Any CPU.Build.0 = Release|Any CPU
		{94DA511E-186B-4699-B118-E5A7CC05F1D5}.Release|x64.ActiveCfg = Release|Any CPU
		{94DA511E-186B-4699-B118-E5A7CC05F1D5}.Release|x64.Build.0 = Release|Any CPU
		{94DA511E-186B-4699-B118-E5A7CC05F1D5}.Release|x86.ActiveCfg = Release|Any CPU
		{94DA511E-186B-4699-B118-E5A7CC05F1D5}.Release|x86.Build.0 = Release|Any CPU
	EndGlobalSection
	GlobalSection(SolutionProperties) = preSolution
		HideSolutionNode = FALSE
	EndGlobalSection
	GlobalSection(NestedProjects) = preSolution
		{F2C25393-9794-4AA8-B958-658CBC00E74C} = {EFF900DB-A7BC-4374-B653-6E2DCEA3D912}
		{7C72B727-C022-4382-9CDF-3C9301C03A27} = {F2C25393-9794-4AA8-B958-658CBC00E74C}
		{963654A2-C1BE-4176-8DC1-F62FB7F66365} = {F2C25393-9794-4AA8-B958-658CBC00E74C}
		{CF2E69EC-B94D-4ED8-9957-DEC978EDB223} = {F2C25393-9794-4AA8-B958-658CBC00E74C}
		{94DA511E-186B-4699-B118-E5A7CC05F1D5} = {F2C25393-9794-4AA8-B958-658CBC00E74C}
	EndGlobalSection
EndGlobal
